
Microsoft Visual Studio Solution File, Format Version 12.00
# Visual Studio Version 16
VisualStudioVersion = 16.0.30717.126
MinimumVisualStudioVersion = 10.0.40219.1
Project("{9A19103F-16F7-4668-BE54-9A1E7A4F7556}") = "Gallery", "Gallery\Gallery.csproj", "{A32AF018-BACC-4484-B88B-64EDDCEDF684}"
EndProject
Project("{FAE04EC0-301F-11D3-BF4B-00C04F79EFBC}") = "GalleryFront", "GalleryFront\GalleryFront.csproj", "{3C06C202-2AB6-4FA7-98B0-48E992ABD831}"
EndProject
Project("{FAE04EC0-301F-11D3-BF4B-00C04F79EFBC}") = "GalleryBusiness", "GalleryBusiness\GalleryBusiness.csproj", "{C815D577-CE26-4636-A618-78943E66EDFB}"
EndProject
Global
	GlobalSection(SolutionConfigurationPlatforms) = preSolution
		Debug|Any CPU = Debug|Any CPU
		Release|Any CPU = Release|Any CPU
	EndGlobalSection
	GlobalSection(ProjectConfigurationPlatforms) = postSolution
		{A32AF018-BACC-4484-B88B-64EDDCEDF684}.Debug|Any CPU.ActiveCfg = Debug|Any CPU
		{A32AF018-BACC-4484-B88B-64EDDCEDF684}.Debug|Any CPU.Build.0 = Debug|Any CPU
		{A32AF018-BACC-4484-B88B-64EDDCEDF684}.Release|Any CPU.ActiveCfg = Release|Any CPU
		{A32AF018-BACC-4484-B88B-64EDDCEDF684}.Release|Any CPU.Build.0 = Release|Any CPU
		{3C06C202-2AB6-4FA7-98B0-48E992ABD831}.Debug|Any CPU.ActiveCfg = Debug|Any CPU
		{3C06C202-2AB6-4FA7-98B0-48E992ABD831}.Debug|Any CPU.Build.0 = Debug|Any CPU
		{3C06C202-2AB6-4FA7-98B0-48E992ABD831}.Release|Any CPU.ActiveCfg = Release|Any CPU
		{3C06C202-2AB6-4FA7-98B0-48E992ABD831}.Release|Any CPU.Build.0 = Release|Any CPU
		{C815D577-CE26-4636-A618-78943E66EDFB}.Debug|Any CPU.ActiveCfg = Debug|Any CPU
		{C815D577-CE26-4636-A618-78943E66EDFB}.Debug|Any CPU.Build.0 = Debug|Any CPU
		{C815D577-CE26-4636-A618-78943E66EDFB}.Release|Any CPU.ActiveCfg = Release|Any CPU
		{C815D577-CE26-4636-A618-78943E66EDFB}.Release|Any CPU.Build.0 = Release|Any CPU
	EndGlobalSection
	GlobalSection(SolutionProperties) = preSolution
		HideSolutionNode = FALSE
	EndGlobalSection
	GlobalSection(ExtensibilityGlobals) = postSolution
		SolutionGuid = {0E5CD5C3-D31E-43A4-BD93-5349CD20F11C}
	EndGlobalSection
EndGlobal
